
Microsoft Visual Studio Solution File, Format Version 12.00
# Visual Studio Version 17
VisualStudioVersion = 17.14.36603.0
MinimumVisualStudioVersion = 10.0.40219.1
Project("{FAE04EC0-301F-11D3-BF4B-00C04F79EFBC}") = "InvestFlowCaixa.Api", "InvestFlowCaixa.Api\InvestFlowCaixa.Api.csproj", "{AFA0DB81-7C4C-4E4E-BE3E-16F9954659C9}"
EndProject
Project("{FAE04EC0-301F-11D3-BF4B-00C04F79EFBC}") = "InvestFlowCaixa.Domain", "InvestFlowCaixa.Domain\InvestFlowCaixa.Domain.csproj", "{7BA15A13-00D3-4A80-932F-A5DDD5D15323}"
EndProject
Project("{FAE04EC0-301F-11D3-BF4B-00C04F79EFBC}") = "InvestFlowCaixa.Infrastructure", "InvestFlowCaixa.Infrastructure\InvestFlowCaixa.Infrastructure.csproj", "{7823457A-FA7D-41BF-A097-1B26533FD6A7}"
EndProject
Project("{FAE04EC0-301F-11D3-BF4B-00C04F79EFBC}") = "InvestFlowCaixa.Application", "InvestFlowCaixa.Application\InvestFlowCaixa.Application.csproj", "{B0F55B3D-8A28-4F46-8898-B5AA1DB80F76}"
EndProject
Project("{FAE04EC0-301F-11D3-BF4B-00C04F79EFBC}") = "InvestFlowCaixa.Tests", "InvestFlowCaixa.Tests\InvestFlowCaixa.Tests.csproj", "{5E935788-E7FB-4076-B31B-D5BDA09DB73F}"
EndProject
Project("{2150E333-8FDC-42A3-9474-1A3956D46DE8}") = "Itens de Solução", "Itens de Solução", "{380A7511-A354-6D7A-0CC0-8FA1F1BA7B6C}"
	ProjectSection(SolutionItems) = preProject
		.gitignore = .gitignore
		docker-compose.yaml = docker-compose.yaml
		README.md = README.md
	EndProjectSection
EndProject
Global
	GlobalSection(SolutionConfigurationPlatforms) = preSolution
		Debug|Any CPU = Debug|Any CPU
		Release|Any CPU = Release|Any CPU
	EndGlobalSection
	GlobalSection(ProjectConfigurationPlatforms) = postSolution
		{AFA0DB81-7C4C-4E4E-BE3E-16F9954659C9}.Debug|Any CPU.ActiveCfg = Debug|Any CPU
		{AFA0DB81-7C4C-4E4E-BE3E-16F9954659C9}.Debug|Any CPU.Build.0 = Debug|Any CPU
		{AFA0DB81-7C4C-4E4E-BE3E-16F9954659C9}.Release|Any CPU.ActiveCfg = Release|Any CPU
		{AFA0DB81-7C4C-4E4E-BE3E-16F9954659C9}.Release|Any CPU.Build.0 = Release|Any CPU
		{7BA15A13-00D3-4A80-932F-A5DDD5D15323}.Debug|Any CPU.ActiveCfg = Debug|Any CPU
		{7BA15A13-00D3-4A80-932F-A5DDD5D15323}.Debug|Any CPU.Build.0 = Debug|Any CPU
		{7BA15A13-00D3-4A80-932F-A5DDD5D15323}.Release|Any CPU.ActiveCfg = Release|Any CPU
		{7BA15A13-00D3-4A80-932F-A5DDD5D15323}.Release|Any CPU.Build.0 = Release|Any CPU
		{7823457A-FA7D-41BF-A097-1B26533FD6A7}.Debug|Any CPU.ActiveCfg = Debug|Any CPU
		{7823457A-FA7D-41BF-A097-1B26533FD6A7}.Debug|Any CPU.Build.0 = Debug|Any CPU
		{7823457A-FA7D-41BF-A097-1B26533FD6A7}.Release|Any CPU.ActiveCfg = Release|Any CPU
		{7823457A-FA7D-41BF-A097-1B26533FD6A7}.Release|Any CPU.Build.0 = Release|Any CPU
		{B0F55B3D-8A28-4F46-8898-B5AA1DB80F76}.Debug|Any CPU.ActiveCfg = Debug|Any CPU
		{B0F55B3D-8A28-4F46-8898-B5AA1DB80F76}.Debug|Any CPU.Build.0 = Debug|Any CPU
		{B0F55B3D-8A28-4F46-8898-B5AA1DB80F76}.Release|Any CPU.ActiveCfg = Release|Any CPU
		{B0F55B3D-8A28-4F46-8898-B5AA1DB80F76}.Release|Any CPU.Build.0 = Release|Any CPU
		{5E935788-E7FB-4076-B31B-D5BDA09DB73F}.Debug|Any CPU.ActiveCfg = Debug|Any CPU
		{5E935788-E7FB-4076-B31B-D5BDA09DB73F}.Debug|Any CPU.Build.0 = Debug|Any CPU
		{5E935788-E7FB-4076-B31B-D5BDA09DB73F}.Release|Any CPU.ActiveCfg = Release|Any CPU
		{5E935788-E7FB-4076-B31B-D5BDA09DB73F}.Release|Any CPU.Build.0 = Release|Any CPU
	EndGlobalSection
	GlobalSection(SolutionProperties) = preSolution
		HideSolutionNode = FALSE
	EndGlobalSection
	GlobalSection(ExtensibilityGlobals) = postSolution
		SolutionGuid = {296206BC-C184-48FE-ABE7-BDC988EB3883}
	EndGlobalSection
EndGlobal
